
Microsoft Visual Studio Solution File, Format Version 12.00
# Visual Studio 15
Project("{FAE04EC0-301F-11D3-BF4B-00C04F79EFBC}") = "Assembly-CSharp", "Assembly-CSharp.csproj", "{1EE98971-DB57-CCE3-EB35-7D60258BAC4D}"
EndProject
Project("{FAE04EC0-301F-11D3-BF4B-00C04F79EFBC}") = "Assembly-CSharp-firstpass", "Assembly-CSharp-firstpass.csproj", "{7F56E623-E214-5249-7A68-5A6003024663}"
EndProject
Project("{FAE04EC0-301F-11D3-BF4B-00C04F79EFBC}") = "Assembly-CSharp-Editor-firstpass", "Assembly-CSharp-Editor-firstpass.csproj", "{07D8710C-FA0E-5DFF-AD69-E5DC60FCCA50}"
EndProject
Global
	GlobalSection(SolutionConfigurationPlatforms) = preSolution
		Debug|Any CPU = Debug|Any CPU
		Release|Any CPU = Release|Any CPU
	EndGlobalSection
	GlobalSection(ProjectConfigurationPlatforms) = postSolution
		{1EE98971-DB57-CCE3-EB35-7D60258BAC4D}.Debug|Any CPU.ActiveCfg = Debug|Any CPU
		{1EE98971-DB57-CCE3-EB35-7D60258BAC4D}.Debug|Any CPU.Build.0 = Debug|Any CPU
		{1EE98971-DB57-CCE3-EB35-7D60258BAC4D}.Release|Any CPU.ActiveCfg = Release|Any CPU
		{1EE98971-DB57-CCE3-EB35-7D60258BAC4D}.Release|Any CPU.Build.0 = Release|Any CPU
		{7F56E623-E214-5249-7A68-5A6003024663}.Debug|Any CPU.ActiveCfg = Debug|Any CPU
		{7F56E623-E214-5249-7A68-5A6003024663}.Debug|Any CPU.Build.0 = Debug|Any CPU
		{7F56E623-E214-5249-7A68-5A6003024663}.Release|Any CPU.ActiveCfg = Release|Any CPU
		{7F56E623-E214-5249-7A68-5A6003024663}.Release|Any CPU.Build.0 = Release|Any CPU
		{07D8710C-FA0E-5DFF-AD69-E5DC60FCCA50}.Debug|Any CPU.ActiveCfg = Debug|Any CPU
		{07D8710C-FA0E-5DFF-AD69-E5DC60FCCA50}.Debug|Any CPU.Build.0 = Debug|Any CPU
		{07D8710C-FA0E-5DFF-AD69-E5DC60FCCA50}.Release|Any CPU.ActiveCfg = Release|Any CPU
		{07D8710C-FA0E-5DFF-AD69-E5DC60FCCA50}.Release|Any CPU.Build.0 = Release|Any CPU
	EndGlobalSection
	GlobalSection(SolutionProperties) = preSolution
		HideSolutionNode = FALSE
	EndGlobalSection
EndGlobal
